
Microsoft Visual Studio Solution File, Format Version 12.00
# Visual Studio Version 17
VisualStudioVersion = 17.8.34316.72
MinimumVisualStudioVersion = 10.0.40219.1
Project("{FAE04EC0-301F-11D3-BF4B-00C04F79EFBC}") = "queu kullanımı", "queu kullanımı\queu kullanımı.csproj", "{CC8C5C75-63B6-4C9F-A479-13CC76D8F301}"
EndProject
Global
	GlobalSection(SolutionConfigurationPlatforms) = preSolution
		Debug|Any CPU = Debug|Any CPU
		Release|Any CPU = Release|Any CPU
	EndGlobalSection
	GlobalSection(ProjectConfigurationPlatforms) = postSolution
		{CC8C5C75-63B6-4C9F-A479-13CC76D8F301}.Debug|Any CPU.ActiveCfg = Debug|Any CPU
		{CC8C5C75-63B6-4C9F-A479-13CC76D8F301}.Debug|Any CPU.Build.0 = Debug|Any CPU
		{CC8C5C75-63B6-4C9F-A479-13CC76D8F301}.Release|Any CPU.ActiveCfg = Release|Any CPU
		{CC8C5C75-63B6-4C9F-A479-13CC76D8F301}.Release|Any CPU.Build.0 = Release|Any CPU
	EndGlobalSection
	GlobalSection(SolutionProperties) = preSolution
		HideSolutionNode = FALSE
	EndGlobalSection
	GlobalSection(ExtensibilityGlobals) = postSolution
		SolutionGuid = {E2E93D21-0035-4DA9-9D95-FF6CD80302B8}
	EndGlobalSection
EndGlobal
